
Microsoft Visual Studio Solution File, Format Version 12.00
# Visual Studio Version 16
VisualStudioVersion = 16.0.34114.132
MinimumVisualStudioVersion = 10.0.40219.1
Project("{888888A0-9F3D-457C-B088-3A5042F75D52}") = "just_the_numbers", "just_the_numbers\just_the_numbers.pyproj", "{4D8D8590-BC38-4E8B-B67E-F044B147C75E}"
EndProject
Global
	GlobalSection(SolutionConfigurationPlatforms) = preSolution
		Debug|Any CPU = Debug|Any CPU
		Release|Any CPU = Release|Any CPU
	EndGlobalSection
	GlobalSection(ProjectConfigurationPlatforms) = postSolution
		{4D8D8590-BC38-4E8B-B67E-F044B147C75E}.Debug|Any CPU.ActiveCfg = Debug|Any CPU
		{4D8D8590-BC38-4E8B-B67E-F044B147C75E}.Release|Any CPU.ActiveCfg = Release|Any CPU
	EndGlobalSection
	GlobalSection(SolutionProperties) = preSolution
		HideSolutionNode = FALSE
	EndGlobalSection
	GlobalSection(ExtensibilityGlobals) = postSolution
		SolutionGuid = {EB2E3928-333E-4ABD-B73C-F2015719E121}
	EndGlobalSection
EndGlobal
